
Microsoft Visual Studio Solution File, Format Version 12.00
# Visual Studio Version 16
VisualStudioVersion = 16.0.31313.79
MinimumVisualStudioVersion = 10.0.40219.1
Project("{9A19103F-16F7-4668-BE54-9A1E7A4F7556}") = "GrpcService1", "GrpcService1\GrpcService1.csproj", "{10FEA4A7-909A-40FE-A72A-FBED170EFC35}"
EndProject
Project("{9A19103F-16F7-4668-BE54-9A1E7A4F7556}") = "GrpcGreeterClient", "GrpcGreeterClient\GrpcGreeterClient.csproj", "{B8DA13BB-D3D0-43DE-A303-1801460557FA}"
EndProject
Project("{9A19103F-16F7-4668-BE54-9A1E7A4F7556}") = "FJRH.IService", "FJRH.IService\FJRH.IService.csproj", "{DD320567-2D22-4482-B064-05F06AB9D7B4}"
EndProject
Project("{9A19103F-16F7-4668-BE54-9A1E7A4F7556}") = "FJRH.Service", "FJRH.Service\FJRH.Service.csproj", "{4EA115B8-E449-4E22-A2D8-5CA7C48F2295}"
EndProject
Project("{9A19103F-16F7-4668-BE54-9A1E7A4F7556}") = "FJRH.Entity", "FJRH.Entity\FJRH.Entity.csproj", "{C6D8CB62-3F85-4698-BD84-E5A731E65CD7}"
EndProject
Project("{9A19103F-16F7-4668-BE54-9A1E7A4F7556}") = "MongoTest", "MongoTest\MongoTest.csproj", "{A567739C-2696-4FB5-B725-614F661DEF5F}"
EndProject
Project("{9A19103F-16F7-4668-BE54-9A1E7A4F7556}") = "FJRH.Mongo.Ext", "FJRH.Mongo.Ext\FJRH.Mongo.Ext.csproj", "{38B532EA-3926-4445-B58D-4C16ACD48F91}"
EndProject
Project("{9A19103F-16F7-4668-BE54-9A1E7A4F7556}") = "FJRH.WebApi.Core", "FJRH.WebApi.Core\FJRH.WebApi.Core.csproj", "{F6AD125B-37E4-40D2-872E-EA5FC5AE72E4}"
EndProject
Project("{9A19103F-16F7-4668-BE54-9A1E7A4F7556}") = "Test.WebApi", "Test.WebApi\Test.WebApi.csproj", "{D9441C67-5670-4454-8D2F-97D56903BF78}"
EndProject
Project("{FAE04EC0-301F-11D3-BF4B-00C04F79EFBC}") = "FJRH.CertificationCenter", "FJRH.CertificationCenter\FJRH.CertificationCenter.csproj", "{9A980962-62F5-4756-AB27-9EC266CE168E}"
EndProject
Global
	GlobalSection(SolutionConfigurationPlatforms) = preSolution
		Debug|Any CPU = Debug|Any CPU
		Release|Any CPU = Release|Any CPU
	EndGlobalSection
	GlobalSection(ProjectConfigurationPlatforms) = postSolution
		{10FEA4A7-909A-40FE-A72A-FBED170EFC35}.Debug|Any CPU.ActiveCfg = Debug|Any CPU
		{10FEA4A7-909A-40FE-A72A-FBED170EFC35}.Debug|Any CPU.Build.0 = Debug|Any CPU
		{10FEA4A7-909A-40FE-A72A-FBED170EFC35}.Release|Any CPU.ActiveCfg = Release|Any CPU
		{10FEA4A7-909A-40FE-A72A-FBED170EFC35}.Release|Any CPU.Build.0 = Release|Any CPU
		{B8DA13BB-D3D0-43DE-A303-1801460557FA}.Debug|Any CPU.ActiveCfg = Debug|Any CPU
		{B8DA13BB-D3D0-43DE-A303-1801460557FA}.Debug|Any CPU.Build.0 = Debug|Any CPU
		{B8DA13BB-D3D0-43DE-A303-1801460557FA}.Release|Any CPU.ActiveCfg = Release|Any CPU
		{B8DA13BB-D3D0-43DE-A303-1801460557FA}.Release|Any CPU.Build.0 = Release|Any CPU
		{DD320567-2D22-4482-B064-05F06AB9D7B4}.Debug|Any CPU.ActiveCfg = Debug|Any CPU
		{DD320567-2D22-4482-B064-05F06AB9D7B4}.Debug|Any CPU.Build.0 = Debug|Any CPU
		{DD320567-2D22-4482-B064-05F06AB9D7B4}.Release|Any CPU.ActiveCfg = Release|Any CPU
		{DD320567-2D22-4482-B064-05F06AB9D7B4}.Release|Any CPU.Build.0 = Release|Any CPU
		{4EA115B8-E449-4E22-A2D8-5CA7C48F2295}.Debug|Any CPU.ActiveCfg = Debug|Any CPU
		{4EA115B8-E449-4E22-A2D8-5CA7C48F2295}.Debug|Any CPU.Build.0 = Debug|Any CPU
		{4EA115B8-E449-4E22-A2D8-5CA7C48F2295}.Release|Any CPU.ActiveCfg = Release|Any CPU
		{4EA115B8-E449-4E22-A2D8-5CA7C48F2295}.Release|Any CPU.Build.0 = Release|Any CPU
		{C6D8CB62-3F85-4698-BD84-E5A731E65CD7}.Debug|Any CPU.ActiveCfg = Debug|Any CPU
		{C6D8CB62-3F85-4698-BD84-E5A731E65CD7}.Debug|Any CPU.Build.0 = Debug|Any CPU
		{C6D8CB62-3F85-4698-BD84-E5A731E65CD7}.Release|Any CPU.ActiveCfg = Release|Any CPU
		{C6D8CB62-3F85-4698-BD84-E5A731E65CD7}.Release|Any CPU.Build.0 = Release|Any CPU
		{A567739C-2696-4FB5-B725-614F661DEF5F}.Debug|Any CPU.ActiveCfg = Debug|Any CPU
		{A567739C-2696-4FB5-B725-614F661DEF5F}.Debug|Any CPU.Build.0 = Debug|Any CPU
		{A567739C-2696-4FB5-B725-614F661DEF5F}.Release|Any CPU.ActiveCfg = Release|Any CPU
		{A567739C-2696-4FB5-B725-614F661DEF5F}.Release|Any CPU.Build.0 = Release|Any CPU
		{38B532EA-3926-4445-B58D-4C16ACD48F91}.Debug|Any CPU.ActiveCfg = Debug|Any CPU
		{38B532EA-3926-4445-B58D-4C16ACD48F91}.Debug|Any CPU.Build.0 = Debug|Any CPU
		{38B532EA-3926-4445-B58D-4C16ACD48F91}.Release|Any CPU.ActiveCfg = Release|Any CPU
		{38B532EA-3926-4445-B58D-4C16ACD48F91}.Release|Any CPU.Build.0 = Release|Any CPU
		{F6AD125B-37E4-40D2-872E-EA5FC5AE72E4}.Debug|Any CPU.ActiveCfg = Debug|Any CPU
		{F6AD125B-37E4-40D2-872E-EA5FC5AE72E4}.Debug|Any CPU.Build.0 = Debug|Any CPU
		{F6AD125B-37E4-40D2-872E-EA5FC5AE72E4}.Release|Any CPU.ActiveCfg = Release|Any CPU
		{F6AD125B-37E4-40D2-872E-EA5FC5AE72E4}.Release|Any CPU.Build.0 = Release|Any CPU
		{D9441C67-5670-4454-8D2F-97D56903BF78}.Debug|Any CPU.ActiveCfg = Debug|Any CPU
		{D9441C67-5670-4454-8D2F-97D56903BF78}.Debug|Any CPU.Build.0 = Debug|Any CPU
		{D9441C67-5670-4454-8D2F-97D56903BF78}.Release|Any CPU.ActiveCfg = Release|Any CPU
		{D9441C67-5670-4454-8D2F-97D56903BF78}.Release|Any CPU.Build.0 = Release|Any CPU
		{9A980962-62F5-4756-AB27-9EC266CE168E}.Debug|Any CPU.ActiveCfg = Debug|Any CPU
		{9A980962-62F5-4756-AB27-9EC266CE168E}.Debug|Any CPU.Build.0 = Debug|Any CPU
		{9A980962-62F5-4756-AB27-9EC266CE168E}.Release|Any CPU.ActiveCfg = Release|Any CPU
		{9A980962-62F5-4756-AB27-9EC266CE168E}.Release|Any CPU.Build.0 = Release|Any CPU
	EndGlobalSection
	GlobalSection(SolutionProperties) = preSolution
		HideSolutionNode = FALSE
	EndGlobalSection
	GlobalSection(ExtensibilityGlobals) = postSolution
		SolutionGuid = {805CE0DB-1FF0-4141-9659-C4A09D8287A6}
	EndGlobalSection
EndGlobal
